PODS:
  - Bolts/Tasks (1.8.4)
  - Masonry (1.0.2)
  - MMDrawerController (0.5.7):
    - MMDrawerController/Core (= 0.5.7)
    - MMDrawerController/MMDrawerBarButtonItem (= 0.5.7)
    - MMDrawerController/MMDrawerVisualStates (= 0.5.7)
    - MMDrawerController/Subclass (= 0.5.7)
  - MMDrawerController/Core (0.5.7)
  - MMDrawerController/MMDrawerBarButtonItem (0.5.7):
    - MMDrawerController/Core
  - MMDrawerController/MMDrawerVisualStates (0.5.7):
    - MMDrawerController/Core
  - MMDrawerController/Subclass (0.5.7):
    - MMDrawerController/Core
  - Parse (1.14.2):
    - Bolts/Tasks (~> 1.8)

DEPENDENCIES:
  - Masonry
  - MMDrawerController (~> 0.5.7)
  - Parse

SPEC CHECKSUMS:
  Bolts: 8a7995239dbe724f9cba2248b766d48b7ebdd322
  Masonry: 7c429b56da9d4ee0bbb3ed77a5ea710d6a5df39e
  MMDrawerController: 7a4cf8e25596bf2434e03ce50d22a8608ddee6a1
  Parse: 4335d65f40cb3d43190d723144bbe1afb9c38230

PODFILE CHECKSUM: a1d2c021b60fb01c763d4eafd754958b4b12f60d

COCOAPODS: 1.1.1
